
Microsoft Visual Studio Solution File, Format Version 12.00
# Visual Studio 15
VisualStudioVersion = 15.0.27130.2020
MinimumVisualStudioVersion = 10.0.40219.1
Project("{FAE04EC0-301F-11D3-BF4B-00C04F79EFBC}") = "Plivanje", "Plivanje\Plivanje.csproj", "{C2F24488-5897-4791-8167-EF76F73713F7}"
EndProject
Project("{FAE04EC0-301F-11D3-BF4B-00C04F79EFBC}") = "FluentNHibernateTest", "FluentNHibernateTest\FluentNHibernateTest.csproj", "{3E8EAA42-B791-493F-B45A-164DAE7F362C}"
EndProject
Project("{2150E333-8FDC-42A3-9474-1A3956D46DE8}") = "Solution Items", "Solution Items", "{7A395698-E7E8-4D67-9EDC-F2AC074D2E1E}"
EndProject
Project("{FAE04EC0-301F-11D3-BF4B-00C04F79EFBC}") = "PlivanjeDesktop", "PlivanjeDesktop\PlivanjeDesktop.csproj", "{9263FFF4-CE4D-474A-A6AD-18A045192C00}"
EndProject
Project("{FAE04EC0-301F-11D3-BF4B-00C04F79EFBC}") = "PlivanjeWebApp", "PlivanjeWebApp\PlivanjeWebApp.csproj", "{4F679282-B3EB-4EA9-930E-2276F830C6B7}"
EndProject
Project("{FAE04EC0-301F-11D3-BF4B-00C04F79EFBC}") = "PlivanjeMobileApp", "PlivanjeMobileApp\PlivanjeMobileApp.csproj", "{3C38C0DE-DD1C-4F42-B4A4-747032C2DE76}"
EndProject
Global
	GlobalSection(SolutionConfigurationPlatforms) = preSolution
		Debug|Any CPU = Debug|Any CPU
		Release|Any CPU = Release|Any CPU
	EndGlobalSection
	GlobalSection(ProjectConfigurationPlatforms) = postSolution
		{C2F24488-5897-4791-8167-EF76F73713F7}.Debug|Any CPU.ActiveCfg = Debug|Any CPU
		{C2F24488-5897-4791-8167-EF76F73713F7}.Debug|Any CPU.Build.0 = Debug|Any CPU
		{C2F24488-5897-4791-8167-EF76F73713F7}.Release|Any CPU.ActiveCfg = Release|Any CPU
		{C2F24488-5897-4791-8167-EF76F73713F7}.Release|Any CPU.Build.0 = Release|Any CPU
		{3E8EAA42-B791-493F-B45A-164DAE7F362C}.Debug|Any CPU.ActiveCfg = Debug|Any CPU
		{3E8EAA42-B791-493F-B45A-164DAE7F362C}.Debug|Any CPU.Build.0 = Debug|Any CPU
		{3E8EAA42-B791-493F-B45A-164DAE7F362C}.Release|Any CPU.ActiveCfg = Release|Any CPU
		{3E8EAA42-B791-493F-B45A-164DAE7F362C}.Release|Any CPU.Build.0 = Release|Any CPU
		{9263FFF4-CE4D-474A-A6AD-18A045192C00}.Debug|Any CPU.ActiveCfg = Debug|Any CPU
		{9263FFF4-CE4D-474A-A6AD-18A045192C00}.Debug|Any CPU.Build.0 = Debug|Any CPU
		{9263FFF4-CE4D-474A-A6AD-18A045192C00}.Release|Any CPU.ActiveCfg = Release|Any CPU
		{9263FFF4-CE4D-474A-A6AD-18A045192C00}.Release|Any CPU.Build.0 = Release|Any CPU
		{4F679282-B3EB-4EA9-930E-2276F830C6B7}.Debug|Any CPU.ActiveCfg = Debug|Any CPU
		{4F679282-B3EB-4EA9-930E-2276F830C6B7}.Debug|Any CPU.Build.0 = Debug|Any CPU
		{4F679282-B3EB-4EA9-930E-2276F830C6B7}.Release|Any CPU.ActiveCfg = Release|Any CPU
		{4F679282-B3EB-4EA9-930E-2276F830C6B7}.Release|Any CPU.Build.0 = Release|Any CPU
		{3C38C0DE-DD1C-4F42-B4A4-747032C2DE76}.Debug|Any CPU.ActiveCfg = Debug|Any CPU
		{3C38C0DE-DD1C-4F42-B4A4-747032C2DE76}.Debug|Any CPU.Build.0 = Debug|Any CPU
		{3C38C0DE-DD1C-4F42-B4A4-747032C2DE76}.Debug|Any CPU.Deploy.0 = Debug|Any CPU
		{3C38C0DE-DD1C-4F42-B4A4-747032C2DE76}.Release|Any CPU.ActiveCfg = Release|Any CPU
		{3C38C0DE-DD1C-4F42-B4A4-747032C2DE76}.Release|Any CPU.Build.0 = Release|Any CPU
		{3C38C0DE-DD1C-4F42-B4A4-747032C2DE76}.Release|Any CPU.Deploy.0 = Release|Any CPU
	EndGlobalSection
	GlobalSection(SolutionProperties) = preSolution
		HideSolutionNode = FALSE
	EndGlobalSection
	GlobalSection(ExtensibilityGlobals) = postSolution
		SolutionGuid = {79896774-8105-4BC6-B554-B92CE92B8487}
	EndGlobalSection
EndGlobal
